
Microsoft Visual Studio Solution File, Format Version 12.00
# Visual Studio Version 17
VisualStudioVersion = 17.6.33723.286
MinimumVisualStudioVersion = 10.0.40219.1
Project("{9A19103F-16F7-4668-BE54-9A1E7A4F7556}") = "WritingFunctions", "WritingFunctions\WritingFunctions.csproj", "{511BB164-B596-454B-A5D9-8021875D86D6}"
EndProject
Project("{FAE04EC0-301F-11D3-BF4B-00C04F79EFBC}") = "Debugging", "Debugging\Debugging.csproj", "{8AA08AF8-52B6-4D90-981C-703B71520324}"
EndProject
Global
	GlobalSection(SolutionConfigurationPlatforms) = preSolution
		Debug|Any CPU = Debug|Any CPU
		Release|Any CPU = Release|Any CPU
	EndGlobalSection
	GlobalSection(ProjectConfigurationPlatforms) = postSolution
		{511BB164-B596-454B-A5D9-8021875D86D6}.Debug|Any CPU.ActiveCfg = Debug|Any CPU
		{511BB164-B596-454B-A5D9-8021875D86D6}.Debug|Any CPU.Build.0 = Debug|Any CPU
		{511BB164-B596-454B-A5D9-8021875D86D6}.Release|Any CPU.ActiveCfg = Release|Any CPU
		{511BB164-B596-454B-A5D9-8021875D86D6}.Release|Any CPU.Build.0 = Release|Any CPU
		{8AA08AF8-52B6-4D90-981C-703B71520324}.Debug|Any CPU.ActiveCfg = Debug|Any CPU
		{8AA08AF8-52B6-4D90-981C-703B71520324}.Debug|Any CPU.Build.0 = Debug|Any CPU
		{8AA08AF8-52B6-4D90-981C-703B71520324}.Release|Any CPU.ActiveCfg = Release|Any CPU
		{8AA08AF8-52B6-4D90-981C-703B71520324}.Release|Any CPU.Build.0 = Release|Any CPU
	EndGlobalSection
	GlobalSection(SolutionProperties) = preSolution
		HideSolutionNode = FALSE
	EndGlobalSection
	GlobalSection(ExtensibilityGlobals) = postSolution
		SolutionGuid = {88619C65-9F44-4011-BAF0-B32655CC18FD}
	EndGlobalSection
EndGlobal
