
Microsoft Visual Studio Solution File, Format Version 12.00
# Visual Studio Version 17
VisualStudioVersion = 17.7.34031.279
MinimumVisualStudioVersion = 10.0.40219.1
Project("{9A19103F-16F7-4668-BE54-9A1E7A4F7556}") = "Operators", "Operators\Operators.csproj", "{FA261C95-FEAD-42C3-8969-E382876F563A}"
EndProject
Project("{9A19103F-16F7-4668-BE54-9A1E7A4F7556}") = "BooleanOperators", "BooleanOperators\BooleanOperators.csproj", "{C588F2FC-817F-4EEA-A50C-199EB106B218}"
EndProject
Project("{9A19103F-16F7-4668-BE54-9A1E7A4F7556}") = "BitwiseAndShiftOperators", "BitwiseAndShiftOperators\BitwiseAndShiftOperators.csproj", "{4407AFC1-F3EB-41ED-9996-1D2A69E87572}"
EndProject
Project("{9A19103F-16F7-4668-BE54-9A1E7A4F7556}") = "SelectionStatements", "SelectionStatements\SelectionStatements.csproj", "{8EEF0094-0792-44B6-944C-2A93AE4D27D0}"
EndProject
Project("{9A19103F-16F7-4668-BE54-9A1E7A4F7556}") = "IterationStatements", "IterationStatements\IterationStatements.csproj", "{1F829F27-8E6A-4D0A-84D5-86EACDF4DC8E}"
EndProject
Project("{9A19103F-16F7-4668-BE54-9A1E7A4F7556}") = "Arrays", "Arrays\Arrays.csproj", "{F6BD0056-2E6D-426D-9E9D-6B9F6C9B6233}"
EndProject
Project("{9A19103F-16F7-4668-BE54-9A1E7A4F7556}") = "CastingConverting", "CastingConverting\CastingConverting.csproj", "{7CDB58D0-79CA-4226-808E-A0DAE38A712B}"
EndProject
Project("{9A19103F-16F7-4668-BE54-9A1E7A4F7556}") = "HandlingExceptions", "HandlingExceptions\HandlingExceptions.csproj", "{99ED67CD-17E8-455A-B144-02C66318D87F}"
EndProject
Project("{9A19103F-16F7-4668-BE54-9A1E7A4F7556}") = "CheckingForOverflow", "CheckingForOverflow\CheckingForOverflow.csproj", "{DA8802EA-B503-407C-BB2A-86219D299D26}"
EndProject
Project("{9A19103F-16F7-4668-BE54-9A1E7A4F7556}") = "Ch03Ex02LoopsAndOverflow", "Ch03Ex02LoopsAndOverflow\Ch03Ex02LoopsAndOverflow.csproj", "{2832BB08-090B-442B-98BA-E35DCDA7EC9A}"
EndProject
Project("{9A19103F-16F7-4668-BE54-9A1E7A4F7556}") = "Ch03Ex03FizzBuzz", "Ch03Ex03FizzBuzz\Ch03Ex03FizzBuzz.csproj", "{923639A7-B9A1-4701-80AD-362D0648A0CD}"
EndProject
Project("{FAE04EC0-301F-11D3-BF4B-00C04F79EFBC}") = "WritingFunctions", "..\Chapter04\WritingFunctions\WritingFunctions.csproj", "{1136F3BC-0760-4113-8542-AE55D4C0915D}"
EndProject
Global
	GlobalSection(SolutionConfigurationPlatforms) = preSolution
		Debug|Any CPU = Debug|Any CPU
		Release|Any CPU = Release|Any CPU
	EndGlobalSection
	GlobalSection(ProjectConfigurationPlatforms) = postSolution
		{FA261C95-FEAD-42C3-8969-E382876F563A}.Debug|Any CPU.ActiveCfg = Debug|Any CPU
		{FA261C95-FEAD-42C3-8969-E382876F563A}.Debug|Any CPU.Build.0 = Debug|Any CPU
		{FA261C95-FEAD-42C3-8969-E382876F563A}.Release|Any CPU.ActiveCfg = Release|Any CPU
		{FA261C95-FEAD-42C3-8969-E382876F563A}.Release|Any CPU.Build.0 = Release|Any CPU
		{C588F2FC-817F-4EEA-A50C-199EB106B218}.Debug|Any CPU.ActiveCfg = Debug|Any CPU
		{C588F2FC-817F-4EEA-A50C-199EB106B218}.Debug|Any CPU.Build.0 = Debug|Any CPU
		{C588F2FC-817F-4EEA-A50C-199EB106B218}.Release|Any CPU.ActiveCfg = Release|Any CPU
		{C588F2FC-817F-4EEA-A50C-199EB106B218}.Release|Any CPU.Build.0 = Release|Any CPU
		{4407AFC1-F3EB-41ED-9996-1D2A69E87572}.Debug|Any CPU.ActiveCfg = Debug|Any CPU
		{4407AFC1-F3EB-41ED-9996-1D2A69E87572}.Debug|Any CPU.Build.0 = Debug|Any CPU
		{4407AFC1-F3EB-41ED-9996-1D2A69E87572}.Release|Any CPU.ActiveCfg = Release|Any CPU
		{4407AFC1-F3EB-41ED-9996-1D2A69E87572}.Release|Any CPU.Build.0 = Release|Any CPU
		{8EEF0094-0792-44B6-944C-2A93AE4D27D0}.Debug|Any CPU.ActiveCfg = Debug|Any CPU
		{8EEF0094-0792-44B6-944C-2A93AE4D27D0}.Debug|Any CPU.Build.0 = Debug|Any CPU
		{8EEF0094-0792-44B6-944C-2A93AE4D27D0}.Release|Any CPU.ActiveCfg = Release|Any CPU
		{8EEF0094-0792-44B6-944C-2A93AE4D27D0}.Release|Any CPU.Build.0 = Release|Any CPU
		{1F829F27-8E6A-4D0A-84D5-86EACDF4DC8E}.Debug|Any CPU.ActiveCfg = Debug|Any CPU
		{1F829F27-8E6A-4D0A-84D5-86EACDF4DC8E}.Debug|Any CPU.Build.0 = Debug|Any CPU
		{1F829F27-8E6A-4D0A-84D5-86EACDF4DC8E}.Release|Any CPU.ActiveCfg = Release|Any CPU
		{1F829F27-8E6A-4D0A-84D5-86EACDF4DC8E}.Release|Any CPU.Build.0 = Release|Any CPU
		{F6BD0056-2E6D-426D-9E9D-6B9F6C9B6233}.Debug|Any CPU.ActiveCfg = Debug|Any CPU
		{F6BD0056-2E6D-426D-9E9D-6B9F6C9B6233}.Debug|Any CPU.Build.0 = Debug|Any CPU
		{F6BD0056-2E6D-426D-9E9D-6B9F6C9B6233}.Release|Any CPU.ActiveCfg = Release|Any CPU
		{F6BD0056-2E6D-426D-9E9D-6B9F6C9B6233}.Release|Any CPU.Build.0 = Release|Any CPU
		{7CDB58D0-79CA-4226-808E-A0DAE38A712B}.Debug|Any CPU.ActiveCfg = Debug|Any CPU
		{7CDB58D0-79CA-4226-808E-A0DAE38A712B}.Debug|Any CPU.Build.0 = Debug|Any CPU
		{7CDB58D0-79CA-4226-808E-A0DAE38A712B}.Release|Any CPU.ActiveCfg = Release|Any CPU
		{7CDB58D0-79CA-4226-808E-A0DAE38A712B}.Release|Any CPU.Build.0 = Release|Any CPU
		{99ED67CD-17E8-455A-B144-02C66318D87F}.Debug|Any CPU.ActiveCfg = Debug|Any CPU
		{99ED67CD-17E8-455A-B144-02C66318D87F}.Debug|Any CPU.Build.0 = Debug|Any CPU
		{99ED67CD-17E8-455A-B144-02C66318D87F}.Release|Any CPU.ActiveCfg = Release|Any CPU
		{99ED67CD-17E8-455A-B144-02C66318D87F}.Release|Any CPU.Build.0 = Release|Any CPU
		{DA8802EA-B503-407C-BB2A-86219D299D26}.Debug|Any CPU.ActiveCfg = Debug|Any CPU
		{DA8802EA-B503-407C-BB2A-86219D299D26}.Debug|Any CPU.Build.0 = Debug|Any CPU
		{DA8802EA-B503-407C-BB2A-86219D299D26}.Release|Any CPU.ActiveCfg = Release|Any CPU
		{DA8802EA-B503-407C-BB2A-86219D299D26}.Release|Any CPU.Build.0 = Release|Any CPU
		{2832BB08-090B-442B-98BA-E35DCDA7EC9A}.Debug|Any CPU.ActiveCfg = Debug|Any CPU
		{2832BB08-090B-442B-98BA-E35DCDA7EC9A}.Debug|Any CPU.Build.0 = Debug|Any CPU
		{2832BB08-090B-442B-98BA-E35DCDA7EC9A}.Release|Any CPU.ActiveCfg = Release|Any CPU
		{2832BB08-090B-442B-98BA-E35DCDA7EC9A}.Release|Any CPU.Build.0 = Release|Any CPU
		{923639A7-B9A1-4701-80AD-362D0648A0CD}.Debug|Any CPU.ActiveCfg = Debug|Any CPU
		{923639A7-B9A1-4701-80AD-362D0648A0CD}.Debug|Any CPU.Build.0 = Debug|Any CPU
		{923639A7-B9A1-4701-80AD-362D0648A0CD}.Release|Any CPU.ActiveCfg = Release|Any CPU
		{923639A7-B9A1-4701-80AD-362D0648A0CD}.Release|Any CPU.Build.0 = Release|Any CPU
		{1136F3BC-0760-4113-8542-AE55D4C0915D}.Debug|Any CPU.ActiveCfg = Debug|Any CPU
		{1136F3BC-0760-4113-8542-AE55D4C0915D}.Debug|Any CPU.Build.0 = Debug|Any CPU
		{1136F3BC-0760-4113-8542-AE55D4C0915D}.Release|Any CPU.ActiveCfg = Release|Any CPU
		{1136F3BC-0760-4113-8542-AE55D4C0915D}.Release|Any CPU.Build.0 = Release|Any CPU
	EndGlobalSection
	GlobalSection(SolutionProperties) = preSolution
		HideSolutionNode = FALSE
	EndGlobalSection
	GlobalSection(ExtensibilityGlobals) = postSolution
		SolutionGuid = {A78A1D2E-8D89-4B4D-AE9D-AD5264A8BA30}
	EndGlobalSection
EndGlobal
